# This file is automatically @generated by Poetry 1.8.2 and should not be changed by hand.

[[package]]
name = "adafruit-blinka"
version = "8.39.1"
description = "CircuitPython APIs for non-CircuitPython versions of Python such as CPython on Linux and MicroPython."
optional = false
python-versions = ">=3.7.0"
files = [
    {file = "Adafruit-Blinka-8.39.1.tar.gz", hash = "sha256:0db0b24345e77ec3815590fc987e946e12fda9effb18f8f15f2d150a64f53618"},
    {file = "Adafruit_Blinka-8.39.1-py3-none-any.whl", hash = "sha256:eb4bb91f31b13dc1caedbd2b60b260e4be6f848d5381ff514d2ce924bea1b0fa"},
]

[package.dependencies]
adafruit-circuitpython-typing = "*"
Adafruit-PlatformDetect = ">=3.62.0"
Adafruit-PureIO = ">=1.1.7"
pyftdi = ">=0.40.0"

[[package]]
name = "adafruit-circuitpython-ads1x15"
version = "2.2.25"
description = "CircuitPython library for controlling an ADS1x15 ADC."
optional = false
python-versions = "*"
files = [
    {file = "adafruit-circuitpython-ads1x15-2.2.25.tar.gz", hash = "sha256:c70de2095bd43e9636a2b1ade2ea9819825d4c963301eafea1df54add5bf6dd8"},
    {file = "adafruit_circuitpython_ads1x15-2.2.25-py3-none-any.whl", hash = "sha256:a804075352f374ac602a30c238663607354088fa3e6d94893aacc18b496c3165"},
]

[package.dependencies]
Adafruit-Blinka = "*"
adafruit-circuitpython-busdevice = "*"
typing-extensions = ">=4.0,<5.0"

[[package]]
name = "adafruit-circuitpython-busdevice"
version = "5.2.9"
description = "CircuitPython bus device classes to manage bus sharing."
optional = false
python-versions = "*"
files = [
    {file = "adafruit_circuitpython_busdevice-5.2.9-py3-none-any.whl", hash = "sha256:78245c551eb3795a4f3739f1adac0b08a65c9fb0f722e866de620482cbbac51f"},
    {file = "adafruit_circuitpython_busdevice-5.2.9.tar.gz", hash = "sha256:9f9c3df385091410dac5961918e475ec88faed7ff543ad6d74208f08c2566513"},
]

[package.dependencies]
Adafruit-Blinka = ">=7.0.0"
adafruit-circuitpython-typing = "*"

[[package]]
name = "adafruit-circuitpython-connectionmanager"
version = "1.0.1"
description = "A urllib3.poolmanager/urllib3.connectionpool-like library for managing sockets and connections"
optional = false
python-versions = "*"
files = [
    {file = "adafruit-circuitpython-connectionmanager-1.0.1.tar.gz", hash = "sha256:913b325488860524edcb6a69f13575addc27c0127764cd74074476e149ba7a73"},
    {file = "adafruit_circuitpython_connectionmanager-1.0.1-py3-none-any.whl", hash = "sha256:9b7800960b61896f499086a2dbf192c270a3eb1f69bf88268a1bd5422f33ad68"},
]

[package.dependencies]
Adafruit-Blinka = "*"

[[package]]
name = "adafruit-circuitpython-requests"
version = "3.2.5"
description = "A requests-like library for web interfacing"
optional = false
python-versions = "*"
files = [
    {file = "adafruit_circuitpython_requests-3.2.5-py3-none-any.whl", hash = "sha256:25f789bac9f0568c289585418e52abeee7cd37c06c2fb58780aeb62022faff3e"},
    {file = "adafruit_circuitpython_requests-3.2.5.tar.gz", hash = "sha256:971d7fe96b032c8f7a92ab6aaa1997e3c920171f3b935ae76b2c6b8af9c8929d"},
]

[package.dependencies]
Adafruit-Blinka = "*"
Adafruit-Circuitpython-ConnectionManager = "*"

[[package]]
name = "adafruit-circuitpython-typing"
version = "1.10.3"
description = "Types needed for type annotation that are not in `typing`"
optional = false
python-versions = ">=3.8"
files = [
    {file = "adafruit-circuitpython-typing-1.10.3.tar.gz", hash = "sha256:4c5c1eeb3ae8a3d2dfa75129654c73690fbdb576d9069542a6ea3355467e1e74"},
    {file = "adafruit_circuitpython_typing-1.10.3-py3-none-any.whl", hash = "sha256:4e23d6828deafa4dfd554fd7d3f06b8ff8e2cc554b9c7aecba9d778d45970c18"},
]

[package.dependencies]
Adafruit-Blinka = "*"
adafruit-circuitpython-busdevice = "*"
adafruit-circuitpython-requests = "*"
typing-extensions = ">=4.0,<5.0"

[[package]]
name = "adafruit-platformdetect"
version = "3.62.0"
description = "Platform detection for use by libraries like Adafruit-Blinka."
optional = false
python-versions = "*"
files = [
    {file = "Adafruit-PlatformDetect-3.62.0.tar.gz", hash = "sha256:2f609ba96ab23a8e26abe2ac3bc1580321c29512855cc2d65ad7d8120d120f7e"},
    {file = "Adafruit_PlatformDetect-3.62.0-py3-none-any.whl", hash = "sha256:49f4099a0f2b9ab449b7d6ab89f98ebf18ff84ebab243383aa294f9a53c82430"},
]

[[package]]
name = "adafruit-pureio"
version = "1.1.11"
description = "Pure python (i.e. no native extensions) access to Linux IO    including I2C and SPI. Drop in replacement for smbus and spidev modules."
optional = false
python-versions = ">=3.5.0"
files = [
    {file = "Adafruit_PureIO-1.1.11-py3-none-any.whl", hash = "sha256:281ab2099372cc0decc26326918996cbf21b8eed694ec4764d51eefa029d324e"},
    {file = "Adafruit_PureIO-1.1.11.tar.gz", hash = "sha256:c4cfbb365731942d1f1092a116f47dfdae0aef18c5b27f1072b5824ad5ea8c7c"},
]

[[package]]
name = "click"
version = "8.1.7"
description = "Composable command line interface toolkit"
optional = false
python-versions = ">=3.7"
files = [
    {file = "click-8.1.7-py3-none-any.whl", hash = "sha256:ae74fb96c20a0277a1d615f1e4d73c8414f5a98db8b799a7931d1582f3390c28"},
    {file = "click-8.1.7.tar.gz", hash = "sha256:ca9853ad459e787e2192211578cc907e7594e294c7ccc834310722b41b9ca6de"},
]

[package.dependencies]
colorama = {version = "*", markers = "platform_system == \"Windows\""}

[[package]]
name = "colorama"
version = "0.4.6"
description = "Cross-platform colored terminal text."
optional = false
python-versions = "!=3.0.*,!=3.1.*,!=3.2.*,!=3.3.*,!=3.4.*,!=3.5.*,!=3.6.*,>=2.7"
files = [
    {file = "colorama-0.4.6-py2.py3-none-any.whl", hash = "sha256:4f1d9991f5acc0ca119f9d443620b77f9d6b33703e51011c16baf57afb285fc6"},
    {file = "colorama-0.4.6.tar.gz", hash = "sha256:08695f5cb7ed6e0531a20572697297273c47b8cae5a63ffc6d6ed5c201be6e44"},
]

[[package]]
name = "numpy"
version = "1.26.4"
description = "Fundamental package for array computing in Python"
optional = false
python-versions = ">=3.9"
files = [
    {file = "numpy-1.26.4-cp310-cp310-macosx_10_9_x86_64.whl", hash = "sha256:9ff0f4f29c51e2803569d7a51c2304de5554655a60c5d776e35b4a41413830d0"},
    {file = "numpy-1.26.4-cp310-cp310-macosx_11_0_arm64.whl", hash = "sha256:2e4ee3380d6de9c9ec04745830fd9e2eccb3e6cf790d39d7b98ffd19b0dd754a"},
    {file = "numpy-1.26.4-cp310-cp310-manylinux_2_17_aarch64.manylinux2014_aarch64.whl", hash = "sha256:d209d8969599b27ad20994c8e41936ee0964e6da07478d6c35016bc386b66ad4"},
    {file = "numpy-1.26.4-cp310-cp310-manylinux_2_17_x86_64.manylinux2014_x86_64.whl", hash = "sha256:ffa75af20b44f8dba823498024771d5ac50620e6915abac414251bd971b4529f"},
    {file = "numpy-1.26.4-cp310-cp310-musllinux_1_1_aarch64.whl", hash = "sha256:62b8e4b1e28009ef2846b4c7852046736bab361f7aeadeb6a5b89ebec3c7055a"},
    {file = "numpy-1.26.4-cp310-cp310-musllinux_1_1_x86_64.whl", hash = "sha256:a4abb4f9001ad2858e7ac189089c42178fcce737e4169dc61321660f1a96c7d2"},
    {file = "numpy-1.26.4-cp310-cp310-win32.whl", hash = "sha256:bfe25acf8b437eb2a8b2d49d443800a5f18508cd811fea3181723922a8a82b07"},
    {file = "numpy-1.26.4-cp310-cp310-win_amd64.whl", hash = "sha256:b97fe8060236edf3662adfc2c633f56a08ae30560c56310562cb4f95500022d5"},
    {file = "numpy-1.26.4-cp311-cp311-macosx_10_9_x86_64.whl", hash = "sha256:4c66707fabe114439db9068ee468c26bbdf909cac0fb58686a42a24de1760c71"},
    {file = "numpy-1.26.4-cp311-cp311-macosx_11_0_arm64.whl", hash = "sha256:edd8b5fe47dab091176d21bb6de568acdd906d1887a4584a15a9a96a1dca06ef"},
    {file = "numpy-1.26.4-cp311-cp311-manylinux_2_17_aarch64.manylinux2014_aarch64.whl", hash = "sha256:7ab55401287bfec946ced39700c053796e7cc0e3acbef09993a9ad2adba6ca6e"},
    {file = "numpy-1.26.4-cp311-cp311-manylinux_2_17_x86_64.manylinux2014_x86_64.whl", hash = "sha256:666dbfb6ec68962c033a450943ded891bed2d54e6755e35e5835d63f4f6931d5"},
    {file = "numpy-1.26.4-cp311-cp311-musllinux_1_1_aarch64.whl", hash = "sha256:96ff0b2ad353d8f990b63294c8986f1ec3cb19d749234014f4e7eb0112ceba5a"},
    {file = "numpy-1.26.4-cp311-cp311-musllinux_1_1_x86_64.whl", hash = "sha256:60dedbb91afcbfdc9bc0b1f3f402804070deed7392c23eb7a7f07fa857868e8a"},
    {file = "numpy-1.26.4-cp311-cp311-win32.whl", hash = "sha256:1af303d6b2210eb850fcf03064d364652b7120803a0b872f5211f5234b399f20"},
    {file = "numpy-1.26.4-cp311-cp311-win_amd64.whl", hash = "sha256:cd25bcecc4974d09257ffcd1f098ee778f7834c3ad767fe5db785be9a4aa9cb2"},
    {file = "numpy-1.26.4-cp312-cp312-macosx_10_9_x86_64.whl", hash = "sha256:b3ce300f3644fb06443ee2222c2201dd3a89ea6040541412b8fa189341847218"},
    {file = "numpy-1.26.4-cp312-cp312-macosx_11_0_arm64.whl", hash = "sha256:03a8c78d01d9781b28a6989f6fa1bb2c4f2d51201cf99d3dd875df6fbd96b23b"},
    {file = "numpy-1.26.4-cp312-cp312-manylinux_2_17_aarch64.manylinux2014_aarch64.whl", hash = "sha256:9fad7dcb1aac3c7f0584a5a8133e3a43eeb2fe127f47e3632d43d677c66c102b"},
    {file = "numpy-1.26.4-cp312-cp312-manylinux_2_17_x86_64.manylinux2014_x86_64.whl", hash = "sha256:675d61ffbfa78604709862923189bad94014bef562cc35cf61d3a07bba02a7ed"},
    {file = "numpy-1.26.4-cp312-cp312-musllinux_1_1_aarch64.whl", hash = "sha256:ab47dbe5cc8210f55aa58e4805fe224dac469cde56b9f731a4c098b91917159a"},
    {file = "numpy-1.26.4-cp312-cp312-musllinux_1_1_x86_64.whl", hash = "sha256:1dda2e7b4ec9dd512f84935c5f126c8bd8b9f2fc001e9f54af255e8c5f16b0e0"},
    {file = "numpy-1.26.4-cp312-cp312-win32.whl", hash = "sha256:50193e430acfc1346175fcbdaa28ffec49947a06918b7b92130744e81e640110"},
    {file = "numpy-1.26.4-cp312-cp312-win_amd64.whl", hash = "sha256:08beddf13648eb95f8d867350f6a018a4be2e5ad54c8d8caed89ebca558b2818"},
    {file = "numpy-1.26.4-cp39-cp39-macosx_10_9_x86_64.whl", hash = "sha256:7349ab0fa0c429c82442a27a9673fc802ffdb7c7775fad780226cb234965e53c"},
    {file = "numpy-1.26.4-cp39-cp39-macosx_11_0_arm64.whl", hash = "sha256:52b8b60467cd7dd1e9ed082188b4e6bb35aa5cdd01777621a1658910745b90be"},
    {file = "numpy-1.26.4-cp39-cp39-manylinux_2_17_aarch64.manylinux2014_aarch64.whl", hash = "sha256:d5241e0a80d808d70546c697135da2c613f30e28251ff8307eb72ba696945764"},
    {file = "numpy-1.26.4-cp39-cp39-manylinux_2_17_x86_64.manylinux2014_x86_64.whl", hash = "sha256:f870204a840a60da0b12273ef34f7051e98c3b5961b61b0c2c1be6dfd64fbcd3"},
    {file = "numpy-1.26.4-cp39-cp39-musllinux_1_1_aarch64.whl", hash = "sha256:679b0076f67ecc0138fd2ede3a8fd196dddc2ad3254069bcb9faf9a79b1cebcd"},
    {file = "numpy-1.26.4-cp39-cp39-musllinux_1_1_x86_64.whl", hash = "sha256:47711010ad8555514b434df65f7d7b076bb8261df1ca9bb78f53d3b2db02e95c"},
    {file = "numpy-1.26.4-cp39-cp39-win32.whl", hash = "sha256:a354325ee03388678242a4d7ebcd08b5c727033fcff3b2f536aea978e15ee9e6"},
    {file = "numpy-1.26.4-cp39-cp39-win_amd64.whl", hash = "sha256:3373d5d70a5fe74a2c1bb6d2cfd9609ecf686d47a2d7b1d37a8f3b6bf6003aea"},
    {file = "numpy-1.26.4-pp39-pypy39_pp73-macosx_10_9_x86_64.whl", hash = "sha256:afedb719a9dcfc7eaf2287b839d8198e06dcd4cb5d276a3df279231138e83d30"},
    {file = "numpy-1.26.4-pp39-pypy39_pp73-manylinux_2_17_x86_64.manylinux2014_x86_64.whl", hash = "sha256:95a7476c59002f2f6c590b9b7b998306fba6a5aa646b1e22ddfeaf8f78c3a29c"},
    {file = "numpy-1.26.4-pp39-pypy39_pp73-win_amd64.whl", hash = "sha256:7e50d0a0cc3189f9cb0aeb3a6a6af18c16f59f004b866cd2be1c14b36134a4a0"},
    {file = "numpy-1.26.4.tar.gz", hash = "sha256:2a02aba9ed12e4ac4eb3ea9421c420301a0c6460d9830d74a9df87efa4912010"},
]

[[package]]
name = "pyftdi"
version = "0.55.4"
description = "FTDI device driver (pure Python)"
optional = false
python-versions = ">=3.8"
files = [
    {file = "pyftdi-0.55.4-py3-none-any.whl", hash = "sha256:64a804ea1c652e6935897df7867dbba18910848cad0a4927ccdb06813c072c85"},
    {file = "pyftdi-0.55.4.tar.gz", hash = "sha256:cb2770b606507024a65e0a520bf892f239a36cec25cab45338ce3e3027de53c8"},
]

[package.dependencies]
pyserial = ">=3.0"
pyusb = ">=1.0.0,<1.2.0 || >1.2.0"

[[package]]
name = "pyserial"
version = "3.5"
description = "Python Serial Port Extension"
optional = false
python-versions = "*"
files = [
    {file = "pyserial-3.5-py2.py3-none-any.whl", hash = "sha256:c4451db6ba391ca6ca299fb3ec7bae67a5c55dde170964c7a14ceefec02f2cf0"},
    {file = "pyserial-3.5.tar.gz", hash = "sha256:3c77e014170dfffbd816e6ffc205e9842efb10be9f58ec16d3e8675b4925cddb"},
]

[package.extras]
cp2110 = ["hidapi"]

[[package]]
name = "pyusb"
version = "1.2.1"
description = "Python USB access module"
optional = false
python-versions = ">=3.6.0"
files = [
    {file = "pyusb-1.2.1-py3-none-any.whl", hash = "sha256:2b4c7cb86dbadf044dfb9d3a4ff69fd217013dbe78a792177a3feb172449ea36"},
    {file = "pyusb-1.2.1.tar.gz", hash = "sha256:a4cc7404a203144754164b8b40994e2849fde1cfff06b08492f12fff9d9de7b9"},
]

[[package]]
name = "typing-extensions"
version = "4.11.0"
description = "Backported and Experimental Type Hints for Python 3.8+"
optional = false
python-versions = ">=3.8"
files = [
    {file = "typing_extensions-4.11.0-py3-none-any.whl", hash = "sha256:c1f94d72897edaf4ce775bb7558d5b79d8126906a14ea5ed1635921406c0387a"},
    {file = "typing_extensions-4.11.0.tar.gz", hash = "sha256:83f085bd5ca59c80295fc2a82ab5dac679cbe02b9f33f7d83af68e241bea51b0"},
]

[metadata]
lock-version = "2.0"
python-versions = "^3.11"
content-hash = "b716a6fd266f954469339e2c50c240fd5abccbd5fc363a7e075f9262a10e4d04"
